<?xml version="1.0" encoding="utf-8"?>
<Project ToolsVersion="4.0" xmlns="http://schemas.microsoft.com/developer/msbuild/2003">
  <ItemGroup>
    <Filter Include="dplmp">
      <UniqueIdentifier>{d468499b-133a-4a5e-be18-8935bb45e017}</UniqueIdentifier>
    </Filter>
    <Filter Include="RakNet">
      <UniqueIdentifier>{0795f8a5-6b9d-41dd-bf11-fad23be8578b}</UniqueIdentifier>
    </Filter>
  </ItemGroup>
  <ItemGroup>
    <ClInclude Include="dplmp\ClientController.h">
      <Filter>dplmp</Filter>
    </ClInclude>
    <ClInclude Include="dplmp\Core.h">
      <Filter>dplmp</Filter>
    </ClInclude>
    <ClInclude Include="dplmp\Hooking.h">
      <Filter>dplmp</Filter>
    </ClInclude>
    <ClInclude Include="framework.h" />
    <ClInclude Include="..\DPLMPCommon\CommonDefines.h" />
    <ClInclude Include="..\DPLMPCommon\PLMessageIdentifiers.h" />
    <ClInclude Include="..\DPLMPCommon\TimeCommon.h" />
    <ClInclude Include="..\thirdparty\RakNet\Source\AutopatcherPatchContext.h" />
    <ClInclude Include="..\thirdparty\RakNet\Source\AutopatcherRepositoryInterface.h" />
    <ClInclude Include="..\thirdparty\RakNet\Source\Base64Encoder.h" />
    <ClInclude Include="..\thirdparty\RakNet\Source\BitStream.h" />
    <ClInclude Include="..\thirdparty\RakNet\Source\CCRakNetSlidingWindow.h" />
    <ClInclude Include="..\thirdparty\RakNet\Source\CCRakNetUDT.h" />
    <ClInclude Include="..\thirdparty\RakNet\Source\CheckSum.h" />
    <ClInclude Include="..\thirdparty\RakNet\Source\CloudClient.h" />
    <ClInclude Include="..\thirdparty\RakNet\Source\CloudCommon.h" />
    <ClInclude Include="..\thirdparty\RakNet\Source\CloudServer.h" />
    <ClInclude Include="..\thirdparty\RakNet\Source\CommandParserInterface.h" />
    <ClInclude Include="..\thirdparty\RakNet\Source\ConnectionGraph2.h" />
    <ClInclude Include="..\thirdparty\RakNet\Source\ConsoleServer.h" />
    <ClInclude Include="..\thirdparty\RakNet\Source\DataCompressor.h" />
    <ClInclude Include="..\thirdparty\RakNet\Source\DirectoryDeltaTransfer.h" />
    <ClInclude Include="..\thirdparty\RakNet\Source\DR_SHA1.h" />
    <ClInclude Include="..\thirdparty\RakNet\Source\DS_BinarySearchTree.h" />
    <ClInclude Include="..\thirdparty\RakNet\Source\DS_BPlusTree.h" />
    <ClInclude Include="..\thirdparty\RakNet\Source\DS_BytePool.h" />
    <ClInclude Include="..\thirdparty\RakNet\Source\DS_ByteQueue.h" />
    <ClInclude Include="..\thirdparty\RakNet\Source\DS_Hash.h" />
    <ClInclude Include="..\thirdparty\RakNet\Source\DS_Heap.h" />
    <ClInclude Include="..\thirdparty\RakNet\Source\DS_HuffmanEncodingTree.h" />
    <ClInclude Include="..\thirdparty\RakNet\Source\DS_HuffmanEncodingTreeFactory.h" />
    <ClInclude Include="..\thirdparty\RakNet\Source\DS_HuffmanEncodingTreeNode.h" />
    <ClInclude Include="..\thirdparty\RakNet\Source\DS_LinkedList.h" />
    <ClInclude Include="..\thirdparty\RakNet\Source\DS_List.h" />
    <ClInclude Include="..\thirdparty\RakNet\Source\DS_Map.h" />
    <ClInclude Include="..\thirdparty\RakNet\Source\DS_MemoryPool.h" />
    <ClInclude Include="..\thirdparty\RakNet\Source\DS_Multilist.h" />
    <ClInclude Include="..\thirdparty\RakNet\Source\DS_OrderedChannelHeap.h" />
    <ClInclude Include="..\thirdparty\RakNet\Source\DS_OrderedList.h" />
    <ClInclude Include="..\thirdparty\RakNet\Source\DS_Queue.h" />
    <ClInclude Include="..\thirdparty\RakNet\Source\DS_QueueLinkedList.h" />
    <ClInclude Include="..\thirdparty\RakNet\Source\DS_RangeList.h" />
    <ClInclude Include="..\thirdparty\RakNet\Source\DS_Table.h" />
    <ClInclude Include="..\thirdparty\RakNet\Source\DS_ThreadsafeAllocatingQueue.h" />
    <ClInclude Include="..\thirdparty\RakNet\Source\DS_Tree.h" />
    <ClInclude Include="..\thirdparty\RakNet\Source\DS_WeightedGraph.h" />
    <ClInclude Include="..\thirdparty\RakNet\Source\DynDNS.h" />
    <ClInclude Include="..\thirdparty\RakNet\Source\EmailSender.h" />
    <ClInclude Include="..\thirdparty\RakNet\Source\EmptyHeader.h" />
    <ClInclude Include="..\thirdparty\RakNet\Source\EpochTimeToString.h" />
    <ClInclude Include="..\thirdparty\RakNet\Source\Export.h" />
    <ClInclude Include="..\thirdparty\RakNet\Source\FileList.h" />
    <ClInclude Include="..\thirdparty\RakNet\Source\FileListNodeContext.h" />
    <ClInclude Include="..\thirdparty\RakNet\Source\FileListTransfer.h" />
    <ClInclude Include="..\thirdparty\RakNet\Source\FileListTransferCBInterface.h" />
    <ClInclude Include="..\thirdparty\RakNet\Source\FileOperations.h" />
    <ClInclude Include="..\thirdparty\RakNet\Source\FormatString.h" />
    <ClInclude Include="..\thirdparty\RakNet\Source\FullyConnectedMesh2.h" />
    <ClInclude Include="..\thirdparty\RakNet\Source\Getche.h" />
    <ClInclude Include="..\thirdparty\RakNet\Source\Gets.h" />
    <ClInclude Include="..\thirdparty\RakNet\Source\GetTime.h" />
    <ClInclude Include="..\thirdparty\RakNet\Source\gettimeofday.h" />
    <ClInclude Include="..\thirdparty\RakNet\Source\GridSectorizer.h" />
    <ClInclude Include="..\thirdparty\RakNet\Source\HTTPConnection.h" />
    <ClInclude Include="..\thirdparty\RakNet\Source\HTTPConnection2.h" />
    <ClInclude Include="..\thirdparty\RakNet\Source\IncrementalReadInterface.h" />
    <ClInclude Include="..\thirdparty\RakNet\Source\InternalPacket.h" />
    <ClInclude Include="..\thirdparty\RakNet\Source\Itoa.h" />
    <ClInclude Include="..\thirdparty\RakNet\Source\Kbhit.h" />
    <ClInclude Include="..\thirdparty\RakNet\Source\LinuxStrings.h" />
    <ClInclude Include="..\thirdparty\RakNet\Source\LocklessTypes.h" />
    <ClInclude Include="..\thirdparty\RakNet\Source\LogCommandParser.h" />
    <ClInclude Include="..\thirdparty\RakNet\Source\MessageFilter.h" />
    <ClInclude Include="..\thirdparty\RakNet\Source\MessageIdentifiers.h" />
    <ClInclude Include="..\thirdparty\RakNet\Source\MTUSize.h" />
    <ClInclude Include="..\thirdparty\RakNet\Source\NativeFeatureIncludes.h" />
    <ClInclude Include="..\thirdparty\RakNet\Source\NativeFeatureIncludesOverrides.h" />
    <ClInclude Include="..\thirdparty\RakNet\Source\NativeTypes.h" />
    <ClInclude Include="..\thirdparty\RakNet\Source\NatPunchthroughClient.h" />
    <ClInclude Include="..\thirdparty\RakNet\Source\NatPunchthroughServer.h" />
    <ClInclude Include="..\thirdparty\RakNet\Source\NatTypeDetectionClient.h" />
    <ClInclude Include="..\thirdparty\RakNet\Source\NatTypeDetectionCommon.h" />
    <ClInclude Include="..\thirdparty\RakNet\Source\NatTypeDetectionServer.h" />
    <ClInclude Include="..\thirdparty\RakNet\Source\NetworkIDManager.h" />
    <ClInclude Include="..\thirdparty\RakNet\Source\NetworkIDObject.h" />
    <ClInclude Include="..\thirdparty\RakNet\Source\PacketConsoleLogger.h" />
    <ClInclude Include="..\thirdparty\RakNet\Source\PacketFileLogger.h" />
    <ClInclude Include="..\thirdparty\RakNet\Source\PacketizedTCP.h" />
    <ClInclude Include="..\thirdparty\RakNet\Source\PacketLogger.h" />
    <ClInclude Include="..\thirdparty\RakNet\Source\PacketOutputWindowLogger.h" />
    <ClInclude Include="..\thirdparty\RakNet\Source\PacketPool.h" />
    <ClInclude Include="..\thirdparty\RakNet\Source\PacketPriority.h" />
    <ClInclude Include="..\thirdparty\RakNet\Source\PluginInterface2.h" />
    <ClInclude Include="..\thirdparty\RakNet\Source\PS3Includes.h" />
    <ClInclude Include="..\thirdparty\RakNet\Source\PS4Includes.h" />
    <ClInclude Include="..\thirdparty\RakNet\Source\Rackspace.h" />
    <ClInclude Include="..\thirdparty\RakNet\Source\RakAlloca.h" />
    <ClInclude Include="..\thirdparty\RakNet\Source\RakAssert.h" />
    <ClInclude Include="..\thirdparty\RakNet\Source\RakMemoryOverride.h" />
    <ClInclude Include="..\thirdparty\RakNet\Source\RakNetCommandParser.h" />
    <ClInclude Include="..\thirdparty\RakNet\Source\RakNetDefines.h" />
    <ClInclude Include="..\thirdparty\RakNet\Source\RakNetDefinesOverrides.h" />
    <ClInclude Include="..\thirdparty\RakNet\Source\RakNetSmartPtr.h" />
    <ClInclude Include="..\thirdparty\RakNet\Source\RakNetSocket.h" />
    <ClInclude Include="..\thirdparty\RakNet\Source\RakNetSocket2.h" />
    <ClInclude Include="..\thirdparty\RakNet\Source\RakNetStatistics.h" />
    <ClInclude Include="..\thirdparty\RakNet\Source\RakNetTime.h" />
    <ClInclude Include="..\thirdparty\RakNet\Source\RakNetTransport2.h" />
    <ClInclude Include="..\thirdparty\RakNet\Source\RakNetTypes.h" />
    <ClInclude Include="..\thirdparty\RakNet\Source\RakNetVersion.h" />
    <ClInclude Include="..\thirdparty\RakNet\Source\RakPeer.h" />
    <ClInclude Include="..\thirdparty\RakNet\Source\RakPeerInterface.h" />
    <ClInclude Include="..\thirdparty\RakNet\Source\RakSleep.h" />
    <ClInclude Include="..\thirdparty\RakNet\Source\RakString.h" />
    <ClInclude Include="..\thirdparty\RakNet\Source\RakThread.h" />
    <ClInclude Include="..\thirdparty\RakNet\Source\RakWString.h" />
    <ClInclude Include="..\thirdparty\RakNet\Source\Rand.h" />
    <ClInclude Include="..\thirdparty\RakNet\Source\RandSync.h" />
    <ClInclude Include="..\thirdparty\RakNet\Source\ReadyEvent.h" />
    <ClInclude Include="..\thirdparty\RakNet\Source\RefCountedObj.h" />
    <ClInclude Include="..\thirdparty\RakNet\Source\RelayPlugin.h" />
    <ClInclude Include="..\thirdparty\RakNet\Source\ReliabilityLayer.h" />
    <ClInclude Include="..\thirdparty\RakNet\Source\ReplicaEnums.h" />
    <ClInclude Include="..\thirdparty\RakNet\Source\ReplicaManager3.h" />
    <ClInclude Include="..\thirdparty\RakNet\Source\Router2.h" />
    <ClInclude Include="..\thirdparty\RakNet\Source\RPC4Plugin.h" />
    <ClInclude Include="..\thirdparty\RakNet\Source\SecureHandshake.h" />
    <ClInclude Include="..\thirdparty\RakNet\Source\SendToThread.h" />
    <ClInclude Include="..\thirdparty\RakNet\Source\SignaledEvent.h" />
    <ClInclude Include="..\thirdparty\RakNet\Source\SimpleMutex.h" />
    <ClInclude Include="..\thirdparty\RakNet\Source\SimpleTCPServer.h" />
    <ClInclude Include="..\thirdparty\RakNet\Source\SingleProducerConsumer.h" />
    <ClInclude Include="..\thirdparty\RakNet\Source\SocketDefines.h" />
    <ClInclude Include="..\thirdparty\RakNet\Source\SocketIncludes.h" />
    <ClInclude Include="..\thirdparty\RakNet\Source\SocketLayer.h" />
    <ClInclude Include="..\thirdparty\RakNet\Source\StatisticsHistory.h" />
    <ClInclude Include="..\thirdparty\RakNet\Source\StringCompressor.h" />
    <ClInclude Include="..\thirdparty\RakNet\Source\StringTable.h" />
    <ClInclude Include="..\thirdparty\RakNet\Source\SuperFastHash.h" />
    <ClInclude Include="..\thirdparty\RakNet\Source\TableSerializer.h" />
    <ClInclude Include="..\thirdparty\RakNet\Source\TCPInterface.h" />
    <ClInclude Include="..\thirdparty\RakNet\Source\TeamBalancer.h" />
    <ClInclude Include="..\thirdparty\RakNet\Source\TeamManager.h" />
    <ClInclude Include="..\thirdparty\RakNet\Source\TelnetTransport.h" />
    <ClInclude Include="..\thirdparty\RakNet\Source\ThreadPool.h" />
    <ClInclude Include="..\thirdparty\RakNet\Source\ThreadsafePacketLogger.h" />
    <ClInclude Include="..\thirdparty\RakNet\Source\TransportInterface.h" />
    <ClInclude Include="..\thirdparty\RakNet\Source\TwoWayAuthentication.h" />
    <ClInclude Include="..\thirdparty\RakNet\Source\UDPForwarder.h" />
    <ClInclude Include="..\thirdparty\RakNet\Source\UDPProxyClient.h" />
    <ClInclude Include="..\thirdparty\RakNet\Source\UDPProxyCommon.h" />
    <ClInclude Include="..\thirdparty\RakNet\Source\UDPProxyCoordinator.h" />
    <ClInclude Include="..\thirdparty\RakNet\Source\UDPProxyServer.h" />
    <ClInclude Include="..\thirdparty\RakNet\Source\VariableDeltaSerializer.h" />
    <ClInclude Include="..\thirdparty\RakNet\Source\VariableListDeltaTracker.h" />
    <ClInclude Include="..\thirdparty\RakNet\Source\VariadicSQLParser.h" />
    <ClInclude Include="..\thirdparty\RakNet\Source\VitaIncludes.h" />
    <ClInclude Include="..\thirdparty\RakNet\Source\WindowsIncludes.h" />
    <ClInclude Include="..\thirdparty\RakNet\Source\WSAStartupSingleton.h" />
    <ClInclude Include="..\thirdparty\RakNet\Source\XBox360Includes.h" />
    <ClInclude Include="..\thirdparty\RakNet\Source\_FindFirst.h" />
    <ClInclude Include="dplmp\EventListener.h" />
    <ClInclude Include="dpl\CCharacter.h" />
    <ClInclude Include="dpl\CCharacterManager.h" />
    <ClInclude Include="dpl\CLifeEnvironment.h" />
    <ClInclude Include="dpl\CLifeEventDataManager.h" />
    <ClInclude Include="dpl\CLifeInstances.h" />
    <ClInclude Include="dpl\CLifePlayer.h" />
    <ClInclude Include="dpl\CLifeSystem.h" />
    <ClInclude Include="dpl\CPlayerDriverBehaviour.h" />
    <ClInclude Include="dpl\SpoolableResourceManager.h" />
    <ClInclude Include="dpl\SpooledPackageType.h" />
    <ClInclude Include="dpl\SpoolPriority.h" />
    <ClInclude Include="dplmp\TimeController.h" />
    <ClInclude Include="..\DPLMPCommon\PLMath.h" />
  </ItemGroup>
  <ItemGroup>
    <ClCompile Include="dplmp\Core.cpp">
      <Filter>dplmp</Filter>
    </ClCompile>
    <ClCompile Include="dplmp\ClientController.cpp">
      <Filter>dplmp</Filter>
    </ClCompile>
    <ClCompile Include="dplmp\Hooking.cpp">
      <Filter>dplmp</Filter>
    </ClCompile>
    <ClCompile Include="dllmain.cpp" />
    <ClCompile Include="..\thirdparty\RakNet\Source\Base64Encoder.cpp" />
    <ClCompile Include="..\thirdparty\RakNet\Source\BitStream.cpp" />
    <ClCompile Include="..\thirdparty\RakNet\Source\CCRakNetSlidingWindow.cpp" />
    <ClCompile Include="..\thirdparty\RakNet\Source\CCRakNetUDT.cpp" />
    <ClCompile Include="..\thirdparty\RakNet\Source\CheckSum.cpp" />
    <ClCompile Include="..\thirdparty\RakNet\Source\CloudClient.cpp" />
    <ClCompile Include="..\thirdparty\RakNet\Source\CloudCommon.cpp" />
    <ClCompile Include="..\thirdparty\RakNet\Source\CloudServer.cpp" />
    <ClCompile Include="..\thirdparty\RakNet\Source\CommandParserInterface.cpp" />
    <ClCompile Include="..\thirdparty\RakNet\Source\ConnectionGraph2.cpp" />
    <ClCompile Include="..\thirdparty\RakNet\Source\ConsoleServer.cpp" />
    <ClCompile Include="..\thirdparty\RakNet\Source\DataCompressor.cpp" />
    <ClCompile Include="..\thirdparty\RakNet\Source\DirectoryDeltaTransfer.cpp" />
    <ClCompile Include="..\thirdparty\RakNet\Source\DR_SHA1.cpp" />
    <ClCompile Include="..\thirdparty\RakNet\Source\DS_BytePool.cpp" />
    <ClCompile Include="..\thirdparty\RakNet\Source\DS_ByteQueue.cpp" />
    <ClCompile Include="..\thirdparty\RakNet\Source\DS_HuffmanEncodingTree.cpp" />
    <ClCompile Include="..\thirdparty\RakNet\Source\DS_Table.cpp" />
    <ClCompile Include="..\thirdparty\RakNet\Source\DynDNS.cpp" />
    <ClCompile Include="..\thirdparty\RakNet\Source\EmailSender.cpp" />
    <ClCompile Include="..\thirdparty\RakNet\Source\EpochTimeToString.cpp" />
    <ClCompile Include="..\thirdparty\RakNet\Source\FileList.cpp" />
    <ClCompile Include="..\thirdparty\RakNet\Source\FileListTransfer.cpp" />
    <ClCompile Include="..\thirdparty\RakNet\Source\FileOperations.cpp" />
    <ClCompile Include="..\thirdparty\RakNet\Source\FormatString.cpp" />
    <ClCompile Include="..\thirdparty\RakNet\Source\FullyConnectedMesh2.cpp" />
    <ClCompile Include="..\thirdparty\RakNet\Source\Getche.cpp" />
    <ClCompile Include="..\thirdparty\RakNet\Source\Gets.cpp" />
    <ClCompile Include="..\thirdparty\RakNet\Source\GetTime.cpp" />
    <ClCompile Include="..\thirdparty\RakNet\Source\gettimeofday.cpp" />
    <ClCompile Include="..\thirdparty\RakNet\Source\GridSectorizer.cpp" />
    <ClCompile Include="..\thirdparty\RakNet\Source\HTTPConnection.cpp" />
    <ClCompile Include="..\thirdparty\RakNet\Source\HTTPConnection2.cpp" />
    <ClCompile Include="..\thirdparty\RakNet\Source\IncrementalReadInterface.cpp" />
    <ClCompile Include="..\thirdparty\RakNet\Source\Itoa.cpp" />
    <ClCompile Include="..\thirdparty\RakNet\Source\LinuxStrings.cpp" />
    <ClCompile Include="..\thirdparty\RakNet\Source\LocklessTypes.cpp" />
    <ClCompile Include="..\thirdparty\RakNet\Source\LogCommandParser.cpp" />
    <ClCompile Include="..\thirdparty\RakNet\Source\MessageFilter.cpp" />
    <ClCompile Include="..\thirdparty\RakNet\Source\NatPunchthroughClient.cpp" />
    <ClCompile Include="..\thirdparty\RakNet\Source\NatPunchthroughServer.cpp" />
    <ClCompile Include="..\thirdparty\RakNet\Source\NatTypeDetectionClient.cpp" />
    <ClCompile Include="..\thirdparty\RakNet\Source\NatTypeDetectionCommon.cpp" />
    <ClCompile Include="..\thirdparty\RakNet\Source\NatTypeDetectionServer.cpp" />
    <ClCompile Include="..\thirdparty\RakNet\Source\NetworkIDManager.cpp" />
    <ClCompile Include="..\thirdparty\RakNet\Source\NetworkIDObject.cpp" />
    <ClCompile Include="..\thirdparty\RakNet\Source\PacketConsoleLogger.cpp" />
    <ClCompile Include="..\thirdparty\RakNet\Source\PacketFileLogger.cpp" />
    <ClCompile Include="..\thirdparty\RakNet\Source\PacketizedTCP.cpp" />
    <ClCompile Include="..\thirdparty\RakNet\Source\PacketLogger.cpp" />
    <ClCompile Include="..\thirdparty\RakNet\Source\PacketOutputWindowLogger.cpp" />
    <ClCompile Include="..\thirdparty\RakNet\Source\PluginInterface2.cpp" />
    <ClCompile Include="..\thirdparty\RakNet\Source\PS4Includes.cpp" />
    <ClCompile Include="..\thirdparty\RakNet\Source\Rackspace.cpp" />
    <ClCompile Include="..\thirdparty\RakNet\Source\RakMemoryOverride.cpp" />
    <ClCompile Include="..\thirdparty\RakNet\Source\RakNetCommandParser.cpp" />
    <ClCompile Include="..\thirdparty\RakNet\Source\RakNetSocket.cpp" />
    <ClCompile Include="..\thirdparty\RakNet\Source\RakNetSocket2.cpp" />
    <ClCompile Include="..\thirdparty\RakNet\Source\RakNetSocket2_360_720.cpp" />
    <ClCompile Include="..\thirdparty\RakNet\Source\RakNetSocket2_Berkley.cpp" />
    <ClCompile Include="..\thirdparty\RakNet\Source\RakNetSocket2_Berkley_NativeClient.cpp" />
    <ClCompile Include="..\thirdparty\RakNet\Source\RakNetSocket2_NativeClient.cpp" />
    <ClCompile Include="..\thirdparty\RakNet\Source\RakNetSocket2_PS3_PS4.cpp" />
    <ClCompile Include="..\thirdparty\RakNet\Source\RakNetSocket2_PS4.cpp" />
    <ClCompile Include="..\thirdparty\RakNet\Source\RakNetSocket2_Vita.cpp" />
    <ClCompile Include="..\thirdparty\RakNet\Source\RakNetSocket2_WindowsStore8.cpp" />
    <ClCompile Include="..\thirdparty\RakNet\Source\RakNetSocket2_Windows_Linux.cpp" />
    <ClCompile Include="..\thirdparty\RakNet\Source\RakNetSocket2_Windows_Linux_360.cpp" />
    <ClCompile Include="..\thirdparty\RakNet\Source\RakNetStatistics.cpp" />
    <ClCompile Include="..\thirdparty\RakNet\Source\RakNetTransport2.cpp" />
    <ClCompile Include="..\thirdparty\RakNet\Source\RakNetTypes.cpp" />
    <ClCompile Include="..\thirdparty\RakNet\Source\RakPeer.cpp" />
    <ClCompile Include="..\thirdparty\RakNet\Source\RakSleep.cpp" />
    <ClCompile Include="..\thirdparty\RakNet\Source\RakString.cpp" />
    <ClCompile Include="..\thirdparty\RakNet\Source\RakThread.cpp" />
    <ClCompile Include="..\thirdparty\RakNet\Source\RakWString.cpp" />
    <ClCompile Include="..\thirdparty\RakNet\Source\Rand.cpp" />
    <ClCompile Include="..\thirdparty\RakNet\Source\RandSync.cpp" />
    <ClCompile Include="..\thirdparty\RakNet\Source\ReadyEvent.cpp" />
    <ClCompile Include="..\thirdparty\RakNet\Source\RelayPlugin.cpp" />
    <ClCompile Include="..\thirdparty\RakNet\Source\ReliabilityLayer.cpp" />
    <ClCompile Include="..\thirdparty\RakNet\Source\ReplicaManager3.cpp" />
    <ClCompile Include="..\thirdparty\RakNet\Source\Router2.cpp" />
    <ClCompile Include="..\thirdparty\RakNet\Source\RPC4Plugin.cpp" />
    <ClCompile Include="..\thirdparty\RakNet\Source\SecureHandshake.cpp" />
    <ClCompile Include="..\thirdparty\RakNet\Source\SendToThread.cpp" />
    <ClCompile Include="..\thirdparty\RakNet\Source\SignaledEvent.cpp" />
    <ClCompile Include="..\thirdparty\RakNet\Source\SimpleMutex.cpp" />
    <ClCompile Include="..\thirdparty\RakNet\Source\SocketLayer.cpp" />
    <ClCompile Include="..\thirdparty\RakNet\Source\StatisticsHistory.cpp" />
    <ClCompile Include="..\thirdparty\RakNet\Source\StringCompressor.cpp" />
    <ClCompile Include="..\thirdparty\RakNet\Source\StringTable.cpp" />
    <ClCompile Include="..\thirdparty\RakNet\Source\SuperFastHash.cpp" />
    <ClCompile Include="..\thirdparty\RakNet\Source\TableSerializer.cpp" />
    <ClCompile Include="..\thirdparty\RakNet\Source\TCPInterface.cpp" />
    <ClCompile Include="..\thirdparty\RakNet\Source\TeamBalancer.cpp" />
    <ClCompile Include="..\thirdparty\RakNet\Source\TeamManager.cpp" />
    <ClCompile Include="..\thirdparty\RakNet\Source\TelnetTransport.cpp" />
    <ClCompile Include="..\thirdparty\RakNet\Source\ThreadsafePacketLogger.cpp" />
    <ClCompile Include="..\thirdparty\RakNet\Source\TwoWayAuthentication.cpp" />
    <ClCompile Include="..\thirdparty\RakNet\Source\UDPForwarder.cpp" />
    <ClCompile Include="..\thirdparty\RakNet\Source\UDPProxyClient.cpp" />
    <ClCompile Include="..\thirdparty\RakNet\Source\UDPProxyCoordinator.cpp" />
    <ClCompile Include="..\thirdparty\RakNet\Source\UDPProxyServer.cpp" />
    <ClCompile Include="..\thirdparty\RakNet\Source\VariableDeltaSerializer.cpp" />
    <ClCompile Include="..\thirdparty\RakNet\Source\VariableListDeltaTracker.cpp" />
    <ClCompile Include="..\thirdparty\RakNet\Source\VariadicSQLParser.cpp" />
    <ClCompile Include="..\thirdparty\RakNet\Source\VitaIncludes.cpp" />
    <ClCompile Include="..\thirdparty\RakNet\Source\WSAStartupSingleton.cpp" />
    <ClCompile Include="..\thirdparty\RakNet\Source\_FindFirst.cpp" />
    <ClCompile Include="dpl\CCharacter.cpp" />
    <ClCompile Include="dpl\CCharacterManager.cpp" />
    <ClCompile Include="dpl\CLifeEnvironment.cpp" />
    <ClCompile Include="dplmp\TimeController.cpp" />
    <ClCompile Include="dpl\CLifeEventDataManager.cpp" />
    <ClCompile Include="dpl\CLifeInstances.cpp" />
    <ClCompile Include="dpl\CLifeSystem.cpp" />
    <ClCompile Include="dpl\CPlayerDriverBehaviour.cpp" />
    <ClCompile Include="dpl\SpoolableResourceManager.cpp" />
    <ClCompile Include="..\DPLMPCommon\PLMath.cpp" />
  </ItemGroup>
  <ItemGroup>
    <None Include="..\thirdparty\RakNet\Source\RakNet.vcproj" />
    <None Include="..\thirdparty\RakNet\Source\RakNet_vc8.vcproj" />
    <None Include="..\thirdparty\RakNet\Source\RakNet_vc9.vcproj" />
  </ItemGroup>
  <ItemGroup>
    <Text Include="..\thirdparty\RakNet\Source\CMakeLists.txt" />
  </ItemGroup>
</Project>