<?xml version="1.0" encoding="utf-8"?>
<Project ToolsVersion="4.0" xmlns="http://schemas.microsoft.com/developer/msbuild/2003">
  <ItemGroup>
    <Filter Include="dplmp">
      <UniqueIdentifier>{d468499b-133a-4a5e-be18-8935bb45e017}</UniqueIdentifier>
    </Filter>
    <Filter Include="RakNet">
      <UniqueIdentifier>{0795f8a5-6b9d-41dd-bf11-fad23be8578b}</UniqueIdentifier>
    </Filter>
  </ItemGroup>
  <ItemGroup>
    <ClInclude Include="dplmp\ClientController.h">
      <Filter>dplmp</Filter>
    </ClInclude>
    <ClInclude Include="dplmp\Core.h">
      <Filter>dplmp</Filter>
    </ClInclude>
    <ClInclude Include="dplmp\Hooking.h">
      <Filter>dplmp</Filter>
    </ClInclude>
    <ClInclude Include="framework.h" />
    <ClInclude Include="pch.h" />
  </ItemGroup>
  <ItemGroup>
    <ClCompile Include="dplmp\Core.cpp">
      <Filter>dplmp</Filter>
    </ClCompile>
    <ClCompile Include="dplmp\ClientController.cpp">
      <Filter>dplmp</Filter>
    </ClCompile>
    <ClCompile Include="dplmp\Hooking.cpp">
      <Filter>dplmp</Filter>
    </ClCompile>
    <ClCompile Include="dllmain.cpp" />
    <ClCompile Include="pch.cpp" />
  </ItemGroup>
</Project>